
Microsoft Visual Studio Solution File, Format Version 12.00
# Visual Studio Version 16
VisualStudioVersion = 16.0.30611.23
MinimumVisualStudioVersion = 10.0.40219.1
Project("{FAE04EC0-301F-11D3-BF4B-00C04F79EFBC}") = "Project1", "Project1.csproj", "{C49875B9-D284-4EFE-AEE6-46A20FF51DCD}"
EndProject
Global
	GlobalSection(SolutionConfigurationPlatforms) = preSolution
		Debug|Any CPU = Debug|Any CPU
		Release|Any CPU = Release|Any CPU
	EndGlobalSection
	GlobalSection(ProjectConfigurationPlatforms) = postSolution
		{C49875B9-D284-4EFE-AEE6-46A20FF51DCD}.Debug|Any CPU.ActiveCfg = Debug|Any CPU
		{C49875B9-D284-4EFE-AEE6-46A20FF51DCD}.Debug|Any CPU.Build.0 = Debug|Any CPU
		{C49875B9-D284-4EFE-AEE6-46A20FF51DCD}.Release|Any CPU.ActiveCfg = Release|Any CPU
		{C49875B9-D284-4EFE-AEE6-46A20FF51DCD}.Release|Any CPU.Build.0 = Release|Any CPU
	EndGlobalSection
	GlobalSection(SolutionProperties) = preSolution
		HideSolutionNode = FALSE
	EndGlobalSection
	GlobalSection(ExtensibilityGlobals) = postSolution
		SolutionGuid = {3B3D4E18-9C3E-4452-9C61-AE2C7F51AE9E}
	EndGlobalSection
EndGlobal
